
Microsoft Visual Studio Solution File, Format Version 12.00
# Visual Studio Version 17
VisualStudioVersion = 17.10.34928.147
MinimumVisualStudioVersion = 10.0.40219.1
Project("{FAE04EC0-301F-11D3-BF4B-00C04F79EFBC}") = "ObakaProject", "ObakaProject\ObakaProject.csproj", "{0624793A-5DD6-4616-8E0B-8B7906C00316}"
EndProject
Global
	GlobalSection(SolutionConfigurationPlatforms) = preSolution
		Debug|Any CPU = Debug|Any CPU
		Release|Any CPU = Release|Any CPU
	EndGlobalSection
	GlobalSection(ProjectConfigurationPlatforms) = postSolution
		{0624793A-5DD6-4616-8E0B-8B7906C00316}.Debug|Any CPU.ActiveCfg = Debug|Any CPU
		{0624793A-5DD6-4616-8E0B-8B7906C00316}.Debug|Any CPU.Build.0 = Debug|Any CPU
		{0624793A-5DD6-4616-8E0B-8B7906C00316}.Release|Any CPU.ActiveCfg = Release|Any CPU
		{0624793A-5DD6-4616-8E0B-8B7906C00316}.Release|Any CPU.Build.0 = Release|Any CPU
	EndGlobalSection
	GlobalSection(SolutionProperties) = preSolution
		HideSolutionNode = FALSE
	EndGlobalSection
	GlobalSection(ExtensibilityGlobals) = postSolution
		SolutionGuid = {6D461F60-8DB4-455F-8769-7C27A1B08B5E}
	EndGlobalSection
EndGlobal
